Microsoft Visual Studio Solution File, Format Version 12.00
# Visual Studio Version 18
VisualStudioVersion = 18.8.12023.21 stable
MinimumVisualStudioVersion = 10.0.40219.1
Project("{FAE04EC0-301F-11D3-BF4B-00C04F79EFBC}") = "BulkImageUploader", "BulkImageUploader.csproj", "{FD4842FC-E4F4-62E7-2420-0CA5EFD99747}"
EndProject
Global
	GlobalSection(SolutionConfigurationPlatforms) = preSolution
		Debug|Any CPU = Debug|Any CPU
		Release|Any CPU = Release|Any CPU
	EndGlobalSection
	GlobalSection(ProjectConfigurationPlatforms) = postSolution
		{FD4842FC-E4F4-62E7-2420-0CA5EFD99747}.Debug|Any CPU.ActiveCfg = Debug|Any CPU
		{FD4842FC-E4F4-62E7-2420-0CA5EFD99747}.Debug|Any CPU.Build.0 = Debug|Any CPU
		{FD4842FC-E4F4-62E7-2420-0CA5EFD99747}.Release|Any CPU.ActiveCfg = Release|Any CPU
		{FD4842FC-E4F4-62E7-2420-0CA5EFD99747}.Release|Any CPU.Build.0 = Release|Any CPU
	EndGlobalSection
	GlobalSection(SolutionProperties) = preSolution
		HideSolutionNode = FALSE
	EndGlobalSection
	GlobalSection(ExtensibilityGlobals) = postSolution
		SolutionGuid = {3A40628C-5305-4BD0-83C2-9972FD8D0B61}
	EndGlobalSection
EndGlobal
