Microsoft Visual Studio Solution File, Format Version 12.00
# Visual Studio Version 17
VisualStudioVersion = 17.8.34330.188
MinimumVisualStudioVersion = 10.0.40219.1
Project("{FAE04EC0-301F-11D3-BF4B-00C04F79EFBC}") = "DataverseBulkImageUploader", "DataverseBulkImageUploader.csproj", "{A72C8E56-4B11-4E8F-9D4A-019F37D9254B}"
EndProject
Global
	GlobalSection(SolutionConfigurationPlatforms) = preSolution
		Debug|Any CPU = Debug|Any CPU
		Release|Any CPU = Release|Any CPU
	EndGlobalSection
	GlobalSection(ProjectConfigurationPlatforms) = postSolution
		{A72C8E56-4B11-4E8F-9D4A-019F37D9254B}.Debug|Any CPU.ActiveCfg = Debug|Any CPU
		{A72C8E56-4B11-4E8F-9D4A-019F37D9254B}.Debug|Any CPU.Build.0 = Debug|Any CPU
		{A72C8E56-4B11-4E8F-9D4A-019F37D9254B}.Release|Any CPU.ActiveCfg = Release|Any CPU
		{A72C8E56-4B11-4E8F-9D4A-019F37D9254B}.Release|Any CPU.Build.0 = Release|Any CPU
	EndGlobalSection
	GlobalSection(SolutionProperties) = preSolution
		HideSolutionNode = FALSE
	EndGlobalSection
EndGlobal